{
    "_meta": {
        "hash": {
            "sha256": "be486c899a924f2d314b8688d9308b1da86f46044f93735430785937ec07aa9e"
        },
        "pipfile-spec": 6,
        "requires": {
            "python_version": "3.8"
        },
        "sources": [
            {
                "name": "pypi",
                "url": "https://pypi.org/simple",
                "verify_ssl": true
            }
        ]
    },
    "default": {
        "certifi": {
            "hashes": [
                "sha256:5930595817496dd21bb8dc35dad090f1c2cd0adfaf21204bf6732ca5d8ee34d3",
                "sha256:8fc0819f1f30ba15bdb34cceffb9ef04d99f420f68eb75d901e9560b8749fc41"
            ],
            "version": "==2020.6.20"
        },
        "community-simulator": {
            "editable": true,
            "git": "https://github.com/Emergent-Behaviors-in-Biology/community-simulator.git",
            "ref": "e131d5902a8e95a6d2990ed358015db3822b38f3"
        },
        "cvxpy": {
            "hashes": [
                "sha256:0a57b866d36783fb122c563453f36860b877fda2c45763e872ed4a007c289af6",
                "sha256:2bbd7377aa56352923889a83feb1c4ec2f68c862c556b96e7f0471fa63123a86",
                "sha256:330eb76e8369c360b68d9231c6eb350848e373b5952134f9bfebaed1a4c4211f",
                "sha256:40f8a446446070c7d336270ba69a553a9b139af264b09675e9c85d3751d3c840",
                "sha256:4247938236794c3c5c34cf26b11869dc15404cfe951b1f4080e9d510fcf81182",
                "sha256:46b29e622c7e9cb5463f514e7d9fc5f17129b89991a753c215f021f59442e386",
                "sha256:6718b6555f3719f6da9bd729fb810f860cf8dcd7b48212a223a41532c5cca6dd",
                "sha256:a4a7ca9af06775dfe63dfb0a5937ab3e83cee6f5fdc1472c09a36a32cc3beeb8",
                "sha256:ae67a06616bf19bf0ee02732b2d7a47fe4a265cbcd56fb500107eba712281440",
                "sha256:e5512489a5ba83801579fb142e711fda8df72c055df5652ffae4e51a96d437d6"
            ],
            "markers": "python_version >= '3.5'",
            "version": "==1.1.7"
        },
        "cycler": {
            "hashes": [
                "sha256:1d8a5ae1ff6c5cf9b93e8811e581232ad8920aeec647c37316ceac982b08cb2d",
                "sha256:cd7b2d1018258d7247a71425e9f26463dfb444d411c39569972f4ce586b0c9d8"
            ],
            "version": "==0.10.0"
        },
        "ecoprospector": {
            "editable": true,
            "path": "."
        },
        "ecos": {
            "hashes": [
                "sha256:1f811e7244a58a7037474b3dead85c7ffd524cf631c90584cc544e438f114cf9",
                "sha256:30e7e9c5ad8a012ba1f69aa6827beb99f208323f678a82fcccc30e4ab8090aad",
                "sha256:361758a3568eb5a3a9b37c00a22b36f9548bbd0cd21f1da904a3627285bb4274",
                "sha256:4b3068ef023c4f39f6c0d6fd73d27d8a8008f8b14e1f4ddd8d0f4876e841b986",
                "sha256:4f775caf828597d094cddae54f7ed12b4a5aa760f535a92ccabec47741e4d61c",
                "sha256:4fdfee011853cd07d494ef58a9299b1f0ccf0268c375109cb2b60727f746ea74",
                "sha256:54f7c480029fbfa738ddb8e538388868b2a17c9189a426d924ca0c36e4cbbbd5",
                "sha256:574fa26661d192e48551a30e217296875020fdb7eebf9a072a14d68a0b9de03a",
                "sha256:6b0829b76ba49f6ebf8b9512673a0b702b756704927cbb106043e1b2273dadea",
                "sha256:72657189f71dbde01d1df841d2139e04da17071c8d3270919c8501f239d8c8e4",
                "sha256:7c871b7a49a5855e7df0d60a06d0e2148a4b183d612f7db5e155988629c3ec21",
                "sha256:831acb6bac205025ffe87002d8f425d2764a70db3d9d053a1f7e0e50bc2a18b9",
                "sha256:83e90f42b3f32e2a93f255c3cfad2da78dbd859119e93844c45d2fca20bdc758",
                "sha256:845455f99cd579ee0cdfbcea675b4e4f7674b563e6a54a225977fc0819cda7e0",
                "sha256:912b17f72476aff33b32e92decd7c02ddb929db28227563b3750948783cff6f4",
                "sha256:94dd0f82a18550232e4924e6c42730c46d7cdc03c4e2dc889e98ec97c0f24061",
                "sha256:96ddc1c4e440820bb343c44785da480a64a9c468ec467b997e40f0c7d3236226",
                "sha256:db7433051f6072d4821ebc582e9ff853d7d631ed98770550d248eae70b29dd26",
                "sha256:dd9f01e28fe58894fb394931804884122606fb4e2a59d4514b803e9cd11b7d2b",
                "sha256:e002df0f4b6777be68c73756e60f3cf76cb5f2f7d36c4f1a482c5538aac1a287",
                "sha256:fb64fb29aef26474f807df4f0c198a6d192291edc9faa3bb05e3bc9b1e2b960a",
                "sha256:feda86ddd191b1ae34d5ea615743894d1baa800f2dbb552cb7c7095a87037831"
            ],
            "version": "==2.0.7.post1"
        },
        "future": {
            "hashes": [
                "sha256:b1bead90b70cf6ec3f0710ae53a525360fa360d306a86583adc6bf83a4db537d"
            ],
            "markers": "python_version >= '2.6' and python_version not in '3.0, 3.1, 3.2, 3.3'",
            "version": "==0.18.2"
        },
        "kiwisolver": {
            "hashes": [
                "sha256:03662cbd3e6729f341a97dd2690b271e51a67a68322affab12a5b011344b973c",
                "sha256:18d749f3e56c0480dccd1714230da0f328e6e4accf188dd4e6884bdd06bf02dd",
                "sha256:247800260cd38160c362d211dcaf4ed0f7816afb5efe56544748b21d6ad6d17f",
                "sha256:38d05c9ecb24eee1246391820ed7137ac42a50209c203c908154782fced90e44",
                "sha256:443c2320520eda0a5b930b2725b26f6175ca4453c61f739fef7a5847bd262f74",
                "sha256:4eadb361baf3069f278b055e3bb53fa189cea2fd02cb2c353b7a99ebb4477ef1",
                "sha256:556da0a5f60f6486ec4969abbc1dd83cf9b5c2deadc8288508e55c0f5f87d29c",
                "sha256:603162139684ee56bcd57acc74035fceed7dd8d732f38c0959c8bd157f913fec",
                "sha256:60a78858580761fe611d22127868f3dc9f98871e6fdf0a15cc4203ed9ba6179b",
                "sha256:63f55f490b958b6299e4e5bdac66ac988c3d11b7fafa522800359075d4fa56d1",
                "sha256:7cc095a4661bdd8a5742aaf7c10ea9fac142d76ff1770a0f84394038126d8fc7",
                "sha256:be046da49fbc3aa9491cc7296db7e8d27bcf0c3d5d1a40259c10471b014e4e0c",
                "sha256:c31bc3c8e903d60a1ea31a754c72559398d91b5929fcb329b1c3a3d3f6e72113",
                "sha256:c955791d80e464da3b471ab41eb65cf5a40c15ce9b001fdc5bbc241170de58ec",
                "sha256:d069ef4b20b1e6b19f790d00097a5d5d2c50871b66d10075dab78938dc2ee2cf",
                "sha256:d52b989dc23cdaa92582ceb4af8d5bcc94d74b2c3e64cd6785558ec6a879793e",
                "sha256:e586b28354d7b6584d8973656a7954b1c69c93f708c0c07b77884f91640b7657",
                "sha256:efcf3397ae1e3c3a4a0a0636542bcad5adad3b1dd3e8e629d0b6e201347176c8",
                "sha256:fccefc0d36a38c57b7bd233a9b485e2f1eb71903ca7ad7adacad6c28a56d62d2"
            ],
            "markers": "python_version >= '3.6'",
            "version": "==1.2.0"
        },
        "matplotlib": {
            "hashes": [
                "sha256:06866c138d81a593b535d037b2727bec9b0818cadfe6a81f6ec5715b8dd38a89",
                "sha256:16b241c3d17be786966495229714de37de04472da472277869b8d5b456a8df00",
                "sha256:27f9de4784ae6fb97679556c5542cf36c0751dccb4d6407f7c62517fa2078868",
                "sha256:2f5eefc17dc2a71318d5a3496313be5c351c0731e8c4c6182c9ac3782cfc4076",
                "sha256:371518c769d84af8ec9b7dcb871ac44f7a67ef126dd3a15c88c25458e6b6d205",
                "sha256:3d2edbf59367f03cd9daf42939ca06383a7d7803e3993eb5ff1bee8e8a3fbb6b",
                "sha256:3fb0409754b26f48045bacd6818e44e38ca9338089f8ba689e2f9344ff2847c7",
                "sha256:548cfe81476dbac44db96e9c0b074b6fb333b4d1f12b1ae68dbed47e45166384",
                "sha256:57be9e21073fc367237b03ecac0d9e4b8ddbe38e86ec4a316857d8d93ac9286c",
                "sha256:5ccecb5f78b51b885f0028b646786889f49c54883e554fca41a2a05998063f23",
                "sha256:69cf76d673682140f46c6cb5e073332c1f1b2853c748dc1cb04f7d00023567f7",
                "sha256:793e061054662aa27acaff9201cdd510a698541c6e8659eeceb31d66c16facc6",
                "sha256:799c421bc245a0749c1515b6dea6dc02db0a8c1f42446a0f03b3b82a60a900dc",
                "sha256:8bc1d3284dee001f41ec98f59675f4d723683e1cc082830b440b5f081d8e0ade",
                "sha256:a522de31e07ed7d6f954cda3fbd5ca4b8edbfc592a821a7b00291be6f843292e",
                "sha256:be2f0ec62e0939a9dcfd3638c140c5a74fc929ee3fd1f31408ab8633db6e1523",
                "sha256:c5d0c2ae3e3ed4e9f46b7c03b40d443601012ffe8eb8dfbb2bd6b2d00509f797",
                "sha256:f0268613073df055bcc6a490de733012f2cf4fe191c1adb74e41cec8add1a165"
            ],
            "markers": "python_version >= '3.6'",
            "version": "==3.3.2"
        },
        "numpy": {
            "hashes": [
                "sha256:04c7d4ebc5ff93d9822075ddb1751ff392a4375e5885299445fcebf877f179d5",
                "sha256:0bfd85053d1e9f60234f28f63d4a5147ada7f432943c113a11afcf3e65d9d4c8",
                "sha256:0c66da1d202c52051625e55a249da35b31f65a81cb56e4c69af0dfb8fb0125bf",
                "sha256:0d310730e1e793527065ad7dde736197b705d0e4c9999775f212b03c44a8484c",
                "sha256:1669ec8e42f169ff715a904c9b2105b6640f3f2a4c4c2cb4920ae8b2785dac65",
                "sha256:2117536e968abb7357d34d754e3733b0d7113d4c9f1d921f21a3d96dec5ff716",
                "sha256:3733640466733441295b0d6d3dcbf8e1ffa7e897d4d82903169529fd3386919a",
                "sha256:4339741994c775396e1a274dba3609c69ab0f16056c1077f18979bec2a2c2e6e",
                "sha256:51ee93e1fac3fe08ef54ff1c7f329db64d8a9c5557e6c8e908be9497ac76374b",
                "sha256:54045b198aebf41bf6bf4088012777c1d11703bf74461d70cd350c0af2182e45",
                "sha256:58d66a6b3b55178a1f8a5fe98df26ace76260a70de694d99577ddeab7eaa9a9d",
                "sha256:59f3d687faea7a4f7f93bd9665e5b102f32f3fa28514f15b126f099b7997203d",
                "sha256:62139af94728d22350a571b7c82795b9d59be77fc162414ada6c8b6a10ef5d02",
                "sha256:7118f0a9f2f617f921ec7d278d981244ba83c85eea197be7c5a4f84af80a9c3c",
                "sha256:7c6646314291d8f5ea900a7ea9c4261f834b5b62159ba2abe3836f4fa6705526",
                "sha256:967c92435f0b3ba37a4257c48b8715b76741410467e2bdb1097e8391fccfae15",
                "sha256:9a3001248b9231ed73894c773142658bab914645261275f675d86c290c37f66d",
                "sha256:aba1d5daf1144b956bc87ffb87966791f5e9f3e1f6fab3d7f581db1f5b598f7a",
                "sha256:addaa551b298052c16885fc70408d3848d4e2e7352de4e7a1e13e691abc734c1",
                "sha256:b594f76771bc7fc8a044c5ba303427ee67c17a09b36e1fa32bde82f5c419d17a",
                "sha256:c35a01777f81e7333bcf276b605f39c872e28295441c265cd0c860f4b40148c1",
                "sha256:cebd4f4e64cfe87f2039e4725781f6326a61f095bc77b3716502bed812b385a9",
                "sha256:d526fa58ae4aead839161535d59ea9565863bb0b0bdb3cc63214613fb16aced4",
                "sha256:d7ac33585e1f09e7345aa902c281bd777fdb792432d27fca857f39b70e5dd31c",
                "sha256:e6ddbdc5113628f15de7e4911c02aed74a4ccff531842c583e5032f6e5a179bd",
                "sha256:eb25c381d168daf351147713f49c626030dcff7a393d5caa62515d415a6071d8"
            ],
            "markers": "python_version >= '3.6'",
            "version": "==1.19.2"
        },
        "osqp": {
            "hashes": [
                "sha256:091d07986ed0175bcb5026f404f26d58a1f53e4ddc48f052c491d1b168cdb098",
                "sha256:0d68364bd59331926e3b9adcbecbba513fdf9440fb1e32d81209f862fc372e11",
                "sha256:14ddc5a2e49f68e5fd2b727697b56f36d4c5ea9e1aef517a867564b835be61c8",
                "sha256:1cd39bb3e63ff165ec8da5dddbbd0db83832e75b32e273b1387f4ddd080953c3",
                "sha256:1efd742d31b68a4c35ddd0ac4663b826fd02f04e6ce5ed0ed2bf8b7ec3a7486c",
                "sha256:2e4ab864315a3252974db0bd32586ecc3caf8e6f5b01de3b832c54b8b3084978",
                "sha256:34f4a8eb721f7dfb2f9475f326219fa8311b84728bc6a8261a11bb431c1f6224",
                "sha256:42d9a897b3da48cdbb81ad1aca4accb413b647fa181b13a1e47e91537c7ff00c",
                "sha256:47b17996526d6ecdf35cfaead6e3e05d34bc2ad48bcb743153cefe555ecc0e8c",
                "sha256:56088ea395eccd0d16a7a242330ece9064f53534722fa40697514851653fa88d",
                "sha256:567b89f6750d5388e67b749ec978ebb5d1500ea8389dc00d3eea9003267649fe",
                "sha256:58cacc6ffe95c937c129fd67a8cea274e89c24e41d42e755a8a1699dd43858a6",
                "sha256:5d53980a360dfc696f097dfd2b2bcd2fdeb451e83421f8f5a3b5c10e0d8f062f",
                "sha256:6060f03875823e0404e96fcee718dacf1e905920923eb474af6f78384cfb897f",
                "sha256:652f7c2b3a610df43bc449aa112cc90bc161733cfe1920bc193a113efc7de999",
                "sha256:6cd482506ed4e43c025e3cc339bc54bcf9d45033602fa3620db3519916a087a7",
                "sha256:72bca52b84c7ea7762c42e2fd801b301eb2990b7f033887c997fd1b91623d110",
                "sha256:777528b89623a356f0ae17c057fdb3fd4f19913f9194284c804196587c27e9b5",
                "sha256:7f87e3f25d8d094587133351acb0fd5653821a2111241d5b26d8b5f1dcc2fc14",
                "sha256:847c678eafaf9612c2ef1176adf7099311f807257d2979f446e44d4b3c96ce86",
                "sha256:8821a9cf7d10a01de5c171bc11b810fa5792424be6c3738d89f6f56d02d56bc1",
                "sha256:8a2f181dfbf76ba217cc47e63b74bd0edb164f6a9dd921dc9b449e3c5b6d4b86",
                "sha256:8bb9c40189f747237e12b50c16fd83b6a923935be5fbfadc4dec7582669fd516",
                "sha256:8e577f8443e25f880e75e8bab104a333804eef2f46be82fd2d1d5d6105a6068a",
                "sha256:8f1a4c88f544049b70a42a0fcdb99c898e548e1977d6bfe8e7733b11b0db29f2",
                "sha256:925cd444bbf603df60957387f09d1e0cd0de76fb5aff97a537479a2c03bb54d7",
                "sha256:95488cde3a2eae64dfe33ec2beb2282ac5b0c8bb06ca5e2f1da5aa46ec53e38e",
                "sha256:a1fce07d1eed1e8e0d0b978fe1b358bd82ab3788a5de5db0646ade596410c453",
                "sha256:a6f7dc299b562d502eabd183c2ea10232208fac6be9e70ad726a56707b3cc50e",
                "sha256:abf2aef840b62a893ee40c40a0c9cd783439d3cbfe3d522cbf25de9149e9337e",
                "sha256:ae0c2603af0446f833194cffc340e3abd0da85fbb58636aac7dd9706bcaaa166",
                "sha256:b1d141835a5707074c630bdbff0fad05daedfb17b1130fb684ccac19bbb24ac4",
                "sha256:c11e5e8b450babedbc0632a164962b39688a7cefbd726ed97633274031d6975f",
                "sha256:c345b5c9895881eec2b2d6aa6cc93784a29625cd741ec9d603be1d37360e032c",
                "sha256:cebae971823a5f8dbaa4ebd4c235a16df16d8a428a31b8a0a5c9bc2cd8b9ef82",
                "sha256:d062277e8d86c3a68b3609e4f966e3c3a726febcd587359c0dc45f65bb2a01aa",
                "sha256:d624f4c295bce04eb44ac005eb6900fc4411c442b39980b9ff0fcda5af60dd30",
                "sha256:dd7a68e11590216ee223e0f8b07748d6890104d9890b430f76ad5c693d2e694a",
                "sha256:e780b60fac0745ea9b2c447b95fe6fc84596d70e7a7a5a08d2a821ae49d0d952",
                "sha256:e853480dd451d22a4a5fa967111f1299090c6b7be20b717f44c22cf0047e0407",
                "sha256:ebb087917600ca105c3e69a288215feb3f09627ba6c817025c57b51702251d8a",
                "sha256:f0dba7708495b7b533da449c0aabb8bfe377cfb101945a647ca0db7c95edcadb",
                "sha256:fd6fc304a3179d004c4805576cb9f6c47429c6ec8a9feb341d07294d57dcedfe"
            ],
            "version": "==0.6.1"
        },
        "pandas": {
            "hashes": [
                "sha256:206d7c3e5356dcadf082e64dc25c24bc8541718045826074f96346e9d6d05a20",
                "sha256:24f61f40febe47edac271eda45d683e42838b7db2bd0f82574d9800259d2b182",
                "sha256:3a038cd5da602b955d335aa80cbaa0e5774f68501ff47b9c21509906981478da",
                "sha256:427be9938b2f79ab298de84f87693914cda238a27cf10580da96caf3dff64115",
                "sha256:54f5f564058b0280d588c3758abde82e280702c440db5faf0c686b80336096f9",
                "sha256:5a8a84b75ca3a29bb4263b35d5ed9fcaae2b062f014feed8c5daa897339c7d85",
                "sha256:84a4ffe668df357e31f98c829536e3a7142c3036c82f996e639f644c5d32eda1",
                "sha256:882012763668af54b48f1412bab95c5cc0a7ccce5a2a8221cfc3839a6e3394ef",
                "sha256:920d30fdff65a079f071db635d282b4f583c2b26f2b58d5dca218aac7c59974d",
                "sha256:a605054fbca71ed1d08bb2aef6f73c84a579bbac956bfe8f9718d5e84cb41248",
                "sha256:b11b496c317dbe007898de699fd59eaf687d0fe8c1b7dad109db6010155d28ae",
                "sha256:babbeda2f83b0686c9ad38d93b10516e68cdcd5771007eb80a763e98aaf44613",
                "sha256:c22e40f1b4d162ca18eb6b2c572e63eef220dbc9cc3de0241cefb77972621bb7",
                "sha256:ca31ac8578d48da354cf66a473d4d5ff99277ca71d321dc7ea4e6fad3c6bb0fd",
                "sha256:ca71a5aa9eeb3ef5b31feca7d9b6369d6b3d0b2e9c85d7a89abe3ecb013f1e86",
                "sha256:d6b1f9d506dc23da2915bcae5c5968990049c9cec44108bd9855d2c7c89d91dc",
                "sha256:d89dbc58aec1544722a8d5046f880b597c497ef8a82c5fe695b4b2effafac5ec",
                "sha256:df43ea0e9fd9f9672b0de9cac26d01255ad50481994bf3cb4687c21eec2d7bbc",
                "sha256:fd6f05b6101d0e76f3e5c26a47be5be7be96ed84ef3981dc1852e76898e73594"
            ],
            "markers": "python_full_version >= '3.6.1'",
            "version": "==1.1.3"
        },
        "pillow": {
            "hashes": [
                "sha256:006de60d7580d81f4a1a7e9f0173dc90a932e3905cc4d47ea909bc946302311a",
                "sha256:0a2e8d03787ec7ad71dc18aec9367c946ef8ef50e1e78c71f743bc3a770f9fae",
                "sha256:0eeeae397e5a79dc088d8297a4c2c6f901f8fb30db47795113a4a605d0f1e5ce",
                "sha256:11c5c6e9b02c9dac08af04f093eb5a2f84857df70a7d4a6a6ad461aca803fb9e",
                "sha256:2fb113757a369a6cdb189f8df3226e995acfed0a8919a72416626af1a0a71140",
                "sha256:4b0ef2470c4979e345e4e0cc1bbac65fda11d0d7b789dbac035e4c6ce3f98adb",
                "sha256:59e903ca800c8cfd1ebe482349ec7c35687b95e98cefae213e271c8c7fffa021",
                "sha256:5abd653a23c35d980b332bc0431d39663b1709d64142e3652890df4c9b6970f6",
                "sha256:5f9403af9c790cc18411ea398a6950ee2def2a830ad0cfe6dc9122e6d528b302",
                "sha256:6b4a8fd632b4ebee28282a9fef4c341835a1aa8671e2770b6f89adc8e8c2703c",
                "sha256:6c1aca8231625115104a06e4389fcd9ec88f0c9befbabd80dc206c35561be271",
                "sha256:795e91a60f291e75de2e20e6bdd67770f793c8605b553cb6e4387ce0cb302e09",
                "sha256:7ba0ba61252ab23052e642abdb17fd08fdcfdbbf3b74c969a30c58ac1ade7cd3",
                "sha256:7c9401e68730d6c4245b8e361d3d13e1035cbc94db86b49dc7da8bec235d0015",
                "sha256:81f812d8f5e8a09b246515fac141e9d10113229bc33ea073fec11403b016bcf3",
                "sha256:895d54c0ddc78a478c80f9c438579ac15f3e27bf442c2a9aa74d41d0e4d12544",
                "sha256:8de332053707c80963b589b22f8e0229f1be1f3ca862a932c1bcd48dafb18dd8",
                "sha256:92c882b70a40c79de9f5294dc99390671e07fc0b0113d472cbea3fde15db1792",
                "sha256:95edb1ed513e68bddc2aee3de66ceaf743590bf16c023fb9977adc4be15bd3f0",
                "sha256:b63d4ff734263ae4ce6593798bcfee6dbfb00523c82753a3a03cbc05555a9cc3",
                "sha256:bd7bf289e05470b1bc74889d1466d9ad4a56d201f24397557b6f65c24a6844b8",
                "sha256:cc3ea6b23954da84dbee8025c616040d9aa5eaf34ea6895a0a762ee9d3e12e11",
                "sha256:cc9ec588c6ef3a1325fa032ec14d97b7309db493782ea8c304666fb10c3bd9a7",
                "sha256:d3d07c86d4efa1facdf32aa878bd508c0dc4f87c48125cc16b937baa4e5b5e11",
                "sha256:d8a96747df78cda35980905bf26e72960cba6d355ace4780d4bdde3b217cdf1e",
                "sha256:e38d58d9138ef972fceb7aeec4be02e3f01d383723965bfcef14d174c8ccd039",
                "sha256:eb472586374dc66b31e36e14720747595c2b265ae962987261f044e5cce644b5",
                "sha256:fbd922f702582cb0d71ef94442bfca57624352622d75e3be7a1e7e9360b07e72"
            ],
            "markers": "python_version >= '3.6'",
            "version": "==8.0.1"
        },
        "pyparsing": {
            "hashes": [
                "sha256:c203ec8783bf771a155b207279b9bccb8dea02d8f0c9e5f8ead507bc3246ecc1",
                "sha256:ef9d7589ef3c200abe66653d3f1ab1033c3c419ae9b9bdb1240a85b024efc88b"
            ],
            "markers": "python_version >= '2.6' and python_version not in '3.0, 3.1, 3.2, 3.3'",
            "version": "==2.4.7"
        },
        "python-dateutil": {
            "hashes": [
                "sha256:73ebfe9dbf22e832286dafa60473e4cd239f8592f699aa5adaf10050e6e1823c",
                "sha256:75bb3f31ea686f1197762692a9ee6a7550b59fc6ca3a1f4b5d7e32fb98e2da2a"
            ],
            "markers": "python_version >= '2.7' and python_version not in '3.0, 3.1, 3.2, 3.3'",
            "version": "==2.8.1"
        },
        "pytz": {
            "hashes": [
                "sha256:a494d53b6d39c3c6e44c3bec237336e14305e4f29bbf800b599253057fbb79ed",
                "sha256:c35965d010ce31b23eeb663ed3cc8c906275d6be1a34393a1d73a41febf4a048"
            ],
            "version": "==2020.1"
        },
        "scipy": {
            "hashes": [
                "sha256:07b083128beae040f1129bd8a82b01804f5e716a7fd2962c1053fa683433e4ab",
                "sha256:0edd67e8a00903aaf7a29c968555a2e27c5a69fea9d1dcfffda80614281a884f",
                "sha256:12fdcbfa56cac926a0a9364a30cbf4ad03c2c7b59f75b14234656a5e4fd52bf3",
                "sha256:1fee28b6641ecbff6e80fe7788e50f50c5576157d278fa40f36c851940eb0aff",
                "sha256:33e6a7439f43f37d4c1135bc95bcd490ffeac6ef4b374892c7005ce2c729cf4a",
                "sha256:5163200ab14fd2b83aba8f0c4ddcc1fa982a43192867264ab0f4c8065fd10d17",
                "sha256:66ec29348444ed6e8a14c9adc2de65e74a8fc526dc2c770741725464488ede1f",
                "sha256:8cc5c39ed287a8b52a5509cd6680af078a40b0e010e2657eca01ffbfec929468",
                "sha256:a1a13858b10d41beb0413c4378462b43eafef88a1948d286cb357eadc0aec024",
                "sha256:a3db1fe7c6cb29ca02b14c9141151ebafd11e06ffb6da8ecd330eee5c8283a8a",
                "sha256:aebb69bcdec209d874fc4b0c7ac36f509d50418a431c1422465fa34c2c0143ea",
                "sha256:b9751b39c52a3fa59312bd2e1f40144ee26b51404db5d2f0d5259c511ff6f614",
                "sha256:bc0e63daf43bf052aefbbd6c5424bc03f629d115ece828e87303a0bcc04a37e4",
                "sha256:d5e3cc60868f396b78fc881d2c76460febccfe90f6d2f082b9952265c79a8788",
                "sha256:ddae76784574cc4c172f3d5edd7308be16078dd3b977e8746860c76c195fa707",
                "sha256:e2602f79c85924e4486f684aa9bbab74afff90606100db88d0785a0088be7edb",
                "sha256:e527c9221b6494bcd06a17f9f16874406b32121385f9ab353b8a9545be458f0b",
                "sha256:f574558f1b774864516f3c3fe072ebc90a29186f49b720f60ed339294b7f32ac",
                "sha256:ffcbd331f1ffa82e22f1d408e93c37463c9a83088243158635baec61983aaacf"
            ],
            "markers": "python_version >= '3.6'",
            "version": "==1.5.3"
        },
        "scs": {
            "hashes": [
                "sha256:667ed6019bb4e2f925bd9291161d2c61cc0077443094437b703ea905333fd585"
            ],
            "version": "==2.1.2"
        },
        "six": {
            "hashes": [
                "sha256:30639c035cdb23534cd4aa2dd52c3bf48f06e5f4a941509c8bafd8ce11080259",
                "sha256:8b74bedcbbbaca38ff6d7491d76f2b06b3592611af620f8426e82dddb04a5ced"
            ],
            "markers": "python_version >= '2.7' and python_version not in '3.0, 3.1, 3.2, 3.3'",
            "version": "==1.15.0"
        }
    },
    "develop": {}
}
